Microsoft Visual Studio Solution File, Format Version 11.00
# Visual Studio 2008

Project("{57640DE3-278B-28D4-EE37-8B63B80EDBCB}") = "gangtown", "Assembly-CSharp.csproj", "{4E3AB511-E0FC-4988-D30C-DC0FAAA46E25}"
EndProject
Global
	GlobalSection(SolutionConfigurationPlatforms) = preSolution
		Debug|Any CPU = Debug|Any CPU
		Release|Any CPU = Release|Any CPU
	EndGlobalSection
	GlobalSection(ProjectConfigurationPlatforms) = postSolution
		{4E3AB511-E0FC-4988-D30C-DC0FAAA46E25}.Debug|Any CPU.ActiveCfg = Debug|Any CPU
		{4E3AB511-E0FC-4988-D30C-DC0FAAA46E25}.Debug|Any CPU.Build.0 = Debug|Any CPU
		{4E3AB511-E0FC-4988-D30C-DC0FAAA46E25}.Release|Any CPU.ActiveCfg = Release|Any CPU
		{4E3AB511-E0FC-4988-D30C-DC0FAAA46E25}.Release|Any CPU.Build.0 = Release|Any CPU
	EndGlobalSection
	GlobalSection(SolutionProperties) = preSolution
		HideSolutionNode = FALSE
	EndGlobalSection
	GlobalSection(MonoDevelopProperties) = preSolution
		StartupItem = Assembly-CSharp.csproj
	EndGlobalSection
EndGlobal
